
Microsoft Visual Studio Solution File, Format Version 12.00
# Visual Studio Version 17
VisualStudioVersion = 17.8.34511.84
MinimumVisualStudioVersion = 10.0.40219.1
Project("{9A19103F-16F7-4668-BE54-9A1E7A4F7556}") = "artificially-infused", "artificially-infused.csproj", "{9F4D8ABD-4BEA-48E5-8A6B-39D4BAEAF856}"
EndProject
Project("{FAE04EC0-301F-11D3-BF4B-00C04F79EFBC}") = "TestProject", "..\TestProject\TestProject.csproj", "{55161DBD-0719-415A-AB95-356581E2A73A}"
EndProject
Global
	GlobalSection(SolutionConfigurationPlatforms) = preSolution
		Debug|Any CPU = Debug|Any CPU
		Release|Any CPU = Release|Any CPU
	EndGlobalSection
	GlobalSection(ProjectConfigurationPlatforms) = postSolution
		{9F4D8ABD-4BEA-48E5-8A6B-39D4BAEAF856}.Debug|Any CPU.ActiveCfg = Debug|Any CPU
		{9F4D8ABD-4BEA-48E5-8A6B-39D4BAEAF856}.Debug|Any CPU.Build.0 = Debug|Any CPU
		{9F4D8ABD-4BEA-48E5-8A6B-39D4BAEAF856}.Release|Any CPU.ActiveCfg = Release|Any CPU
		{9F4D8ABD-4BEA-48E5-8A6B-39D4BAEAF856}.Release|Any CPU.Build.0 = Release|Any CPU
		{55161DBD-0719-415A-AB95-356581E2A73A}.Debug|Any CPU.ActiveCfg = Debug|Any CPU
		{55161DBD-0719-415A-AB95-356581E2A73A}.Debug|Any CPU.Build.0 = Debug|Any CPU
		{55161DBD-0719-415A-AB95-356581E2A73A}.Release|Any CPU.ActiveCfg = Release|Any CPU
		{55161DBD-0719-415A-AB95-356581E2A73A}.Release|Any CPU.Build.0 = Release|Any CPU
	EndGlobalSection
	GlobalSection(SolutionProperties) = preSolution
		HideSolutionNode = FALSE
	EndGlobalSection
	GlobalSection(ExtensibilityGlobals) = postSolution
		SolutionGuid = {3C5F6BCF-8B4A-4173-8D25-4B57CA497FB3}
	EndGlobalSection
EndGlobal
